
Microsoft Visual Studio Solution File, Format Version 12.00
# Visual Studio Version 17
VisualStudioVersion = 17.9.34728.123
MinimumVisualStudioVersion = 10.0.40219.1
Project("{FAE04EC0-301F-11D3-BF4B-00C04F79EFBC}") = "AzureAIDocumentIntelligence", "AzureAIDocumentIntelligence.csproj", "{CDD96FFB-5AE3-4D6C-8D23-C3617FEDD22F}"
EndProject
Global
	GlobalSection(SolutionConfigurationPlatforms) = preSolution
		Debug|Any CPU = Debug|Any CPU
		Release|Any CPU = Release|Any CPU
	EndGlobalSection
	GlobalSection(ProjectConfigurationPlatforms) = postSolution
		{CDD96FFB-5AE3-4D6C-8D23-C3617FEDD22F}.Debug|Any CPU.ActiveCfg = Debug|Any CPU
		{CDD96FFB-5AE3-4D6C-8D23-C3617FEDD22F}.Debug|Any CPU.Build.0 = Debug|Any CPU
		{CDD96FFB-5AE3-4D6C-8D23-C3617FEDD22F}.Release|Any CPU.ActiveCfg = Release|Any CPU
		{CDD96FFB-5AE3-4D6C-8D23-C3617FEDD22F}.Release|Any CPU.Build.0 = Release|Any CPU
	EndGlobalSection
	GlobalSection(SolutionProperties) = preSolution
		HideSolutionNode = FALSE
	EndGlobalSection
	GlobalSection(ExtensibilityGlobals) = postSolution
		SolutionGuid = {2BB489F5-4FD6-4C84-97C5-8BB3619985A9}
	EndGlobalSection
EndGlobal
